
Microsoft Visual Studio Solution File, Format Version 12.00
# Visual Studio 2013
VisualStudioVersion = 12.0.31101.0
MinimumVisualStudioVersion = 10.0.40219.1
Project("{FAE04EC0-301F-11D3-BF4B-00C04F79EFBC}") = "FreeSound", "FreeSound\FreeSound.csproj", "{75EC1DE6-BF7C-4BDB-BED6-CA19850273FF}"
EndProject
Project("{FAE04EC0-301F-11D3-BF4B-00C04F79EFBC}") = "Common", "Common\Common.csproj", "{C3202E1C-CF4B-4BAC-873A-102377183A9F}"
EndProject
Project("{FAE04EC0-301F-11D3-BF4B-00C04F79EFBC}") = "FileDownloader", "FileDownloader\FileDownloader.csproj", "{9417196B-8235-4986-B797-3C03C846B749}"
EndProject
Global
	GlobalSection(SolutionConfigurationPlatforms) = preSolution
		Debug|Any CPU = Debug|Any CPU
		Release|Any CPU = Release|Any CPU
	EndGlobalSection
	GlobalSection(ProjectConfigurationPlatforms) = postSolution
		{75EC1DE6-BF7C-4BDB-BED6-CA19850273FF}.Debug|Any CPU.ActiveCfg = Debug|Any CPU
		{75EC1DE6-BF7C-4BDB-BED6-CA19850273FF}.Debug|Any CPU.Build.0 = Debug|Any CPU
		{75EC1DE6-BF7C-4BDB-BED6-CA19850273FF}.Release|Any CPU.ActiveCfg = Release|Any CPU
		{75EC1DE6-BF7C-4BDB-BED6-CA19850273FF}.Release|Any CPU.Build.0 = Release|Any CPU
		{C3202E1C-CF4B-4BAC-873A-102377183A9F}.Debug|Any CPU.ActiveCfg = Debug|Any CPU
		{C3202E1C-CF4B-4BAC-873A-102377183A9F}.Debug|Any CPU.Build.0 = Debug|Any CPU
		{C3202E1C-CF4B-4BAC-873A-102377183A9F}.Release|Any CPU.ActiveCfg = Release|Any CPU
		{C3202E1C-CF4B-4BAC-873A-102377183A9F}.Release|Any CPU.Build.0 = Release|Any CPU
		{9417196B-8235-4986-B797-3C03C846B749}.Debug|Any CPU.ActiveCfg = Debug|Any CPU
		{9417196B-8235-4986-B797-3C03C846B749}.Debug|Any CPU.Build.0 = Debug|Any CPU
		{9417196B-8235-4986-B797-3C03C846B749}.Release|Any CPU.ActiveCfg = Release|Any CPU
		{9417196B-8235-4986-B797-3C03C846B749}.Release|Any CPU.Build.0 = Release|Any CPU
	EndGlobalSection
	GlobalSection(SolutionProperties) = preSolution
		HideSolutionNode = FALSE
	EndGlobalSection
EndGlobal
